
Microsoft Visual Studio Solution File, Format Version 12.00
# Visual Studio Version 17
VisualStudioVersion = 17.1.32319.34
MinimumVisualStudioVersion = 10.0.40219.1
Project("{9A19103F-16F7-4668-BE54-9A1E7A4F7556}") = "RazorGold_API", "RazorGold_API\RazorGold_API.csproj", "{5623E8E1-B377-4DD8-A156-E9B5ABD4F31F}"
EndProject
Project("{2150E333-8FDC-42A3-9474-1A3956D46DE8}") = "src", "src", "{C0D54FF3-40FE-48C7-A637-128556605F10}"
EndProject
Project("{2150E333-8FDC-42A3-9474-1A3956D46DE8}") = "API", "API", "{C3B32FF5-007E-465D-A9CB-197491E4CCC7}"
EndProject
Project("{2150E333-8FDC-42A3-9474-1A3956D46DE8}") = "Core", "Core", "{44E3EA3C-EB06-44B7-9C6C-455536EB8F03}"
EndProject
Project("{2150E333-8FDC-42A3-9474-1A3956D46DE8}") = "Infrastructure", "Infrastructure", "{84640078-4F27-45A9-B060-DBB643CEE80D}"
EndProject
Project("{2150E333-8FDC-42A3-9474-1A3956D46DE8}") = "UI", "UI", "{DEB0AF4D-348A-44C2-875C-6DDAF12A029C}"
EndProject
Project("{2150E333-8FDC-42A3-9474-1A3956D46DE8}") = "Test", "Test", "{0DDA7A3E-3989-4587-B13F-FA00CCA70EED}"
EndProject
Project("{FAE04EC0-301F-11D3-BF4B-00C04F79EFBC}") = "RazorGold.Domain", "RazorGold.Product\RazorGold.Domain.csproj", "{4E5A0FB4-205F-4D20-B007-843AAE12A161}"
EndProject
Project("{FAE04EC0-301F-11D3-BF4B-00C04F79EFBC}") = "RazorGold.Application", "RazorGold.Application\RazorGold.Application.csproj", "{801E64F4-4DB8-4901-BE4B-59EE0FFE618F}"
EndProject
Global
	GlobalSection(SolutionConfigurationPlatforms) = preSolution
		Debug|Any CPU = Debug|Any CPU
		Release|Any CPU = Release|Any CPU
	EndGlobalSection
	GlobalSection(ProjectConfigurationPlatforms) = postSolution
		{5623E8E1-B377-4DD8-A156-E9B5ABD4F31F}.Debug|Any CPU.ActiveCfg = Debug|Any CPU
		{5623E8E1-B377-4DD8-A156-E9B5ABD4F31F}.Debug|Any CPU.Build.0 = Debug|Any CPU
		{5623E8E1-B377-4DD8-A156-E9B5ABD4F31F}.Release|Any CPU.ActiveCfg = Release|Any CPU
		{5623E8E1-B377-4DD8-A156-E9B5ABD4F31F}.Release|Any CPU.Build.0 = Release|Any CPU
		{4E5A0FB4-205F-4D20-B007-843AAE12A161}.Debug|Any CPU.ActiveCfg = Debug|Any CPU
		{4E5A0FB4-205F-4D20-B007-843AAE12A161}.Debug|Any CPU.Build.0 = Debug|Any CPU
		{4E5A0FB4-205F-4D20-B007-843AAE12A161}.Release|Any CPU.ActiveCfg = Release|Any CPU
		{4E5A0FB4-205F-4D20-B007-843AAE12A161}.Release|Any CPU.Build.0 = Release|Any CPU
		{801E64F4-4DB8-4901-BE4B-59EE0FFE618F}.Debug|Any CPU.ActiveCfg = Debug|Any CPU
		{801E64F4-4DB8-4901-BE4B-59EE0FFE618F}.Debug|Any CPU.Build.0 = Debug|Any CPU
		{801E64F4-4DB8-4901-BE4B-59EE0FFE618F}.Release|Any CPU.ActiveCfg = Release|Any CPU
		{801E64F4-4DB8-4901-BE4B-59EE0FFE618F}.Release|Any CPU.Build.0 = Release|Any CPU
	EndGlobalSection
	GlobalSection(SolutionProperties) = preSolution
		HideSolutionNode = FALSE
	EndGlobalSection
	GlobalSection(NestedProjects) = preSolution
		{C3B32FF5-007E-465D-A9CB-197491E4CCC7} = {C0D54FF3-40FE-48C7-A637-128556605F10}
		{44E3EA3C-EB06-44B7-9C6C-455536EB8F03} = {C0D54FF3-40FE-48C7-A637-128556605F10}
		{84640078-4F27-45A9-B060-DBB643CEE80D} = {C0D54FF3-40FE-48C7-A637-128556605F10}
		{DEB0AF4D-348A-44C2-875C-6DDAF12A029C} = {C0D54FF3-40FE-48C7-A637-128556605F10}
		{4E5A0FB4-205F-4D20-B007-843AAE12A161} = {44E3EA3C-EB06-44B7-9C6C-455536EB8F03}
		{801E64F4-4DB8-4901-BE4B-59EE0FFE618F} = {44E3EA3C-EB06-44B7-9C6C-455536EB8F03}
	EndGlobalSection
	GlobalSection(ExtensibilityGlobals) = postSolution
		SolutionGuid = {D8E82ED1-A223-412B-92CD-E24DCDAA7FC0}
	EndGlobalSection
EndGlobal
